
Microsoft Visual Studio Solution File, Format Version 12.00
# Visual Studio Version 16
VisualStudioVersion = 16.0.34729.46
MinimumVisualStudioVersion = 10.0.40219.1
Project("{FAE04EC0-301F-11D3-BF4B-00C04F79EFBC}") = "WeatherStation.Android", "WeatherStation.Android\WeatherStation.Android.csproj", "{0E43C8FE-39F8-4A2F-AD00-B63456440DA3}"
EndProject
Project("{FAE04EC0-301F-11D3-BF4B-00C04F79EFBC}") = "WeatherStation", "WeatherStation\WeatherStation.csproj", "{9CAA5F16-0818-43CF-ACF2-F57340F2FA29}"
EndProject
Global
	GlobalSection(SolutionConfigurationPlatforms) = preSolution
		Debug|Any CPU = Debug|Any CPU
		Release|Any CPU = Release|Any CPU
	EndGlobalSection
	GlobalSection(ProjectConfigurationPlatforms) = postSolution
		{0E43C8FE-39F8-4A2F-AD00-B63456440DA3}.Debug|Any CPU.ActiveCfg = Debug|Any CPU
		{0E43C8FE-39F8-4A2F-AD00-B63456440DA3}.Debug|Any CPU.Build.0 = Debug|Any CPU
		{0E43C8FE-39F8-4A2F-AD00-B63456440DA3}.Debug|Any CPU.Deploy.0 = Debug|Any CPU
		{0E43C8FE-39F8-4A2F-AD00-B63456440DA3}.Release|Any CPU.ActiveCfg = Release|Any CPU
		{0E43C8FE-39F8-4A2F-AD00-B63456440DA3}.Release|Any CPU.Build.0 = Release|Any CPU
		{0E43C8FE-39F8-4A2F-AD00-B63456440DA3}.Release|Any CPU.Deploy.0 = Release|Any CPU
		{9CAA5F16-0818-43CF-ACF2-F57340F2FA29}.Debug|Any CPU.ActiveCfg = Debug|Any CPU
		{9CAA5F16-0818-43CF-ACF2-F57340F2FA29}.Debug|Any CPU.Build.0 = Debug|Any CPU
		{9CAA5F16-0818-43CF-ACF2-F57340F2FA29}.Debug|Any CPU.Deploy.0 = Debug|Any CPU
		{9CAA5F16-0818-43CF-ACF2-F57340F2FA29}.Release|Any CPU.ActiveCfg = Release|Any CPU
		{9CAA5F16-0818-43CF-ACF2-F57340F2FA29}.Release|Any CPU.Build.0 = Release|Any CPU
		{9CAA5F16-0818-43CF-ACF2-F57340F2FA29}.Release|Any CPU.Deploy.0 = Release|Any CPU
	EndGlobalSection
	GlobalSection(SolutionProperties) = preSolution
		HideSolutionNode = FALSE
	EndGlobalSection
	GlobalSection(ExtensibilityGlobals) = postSolution
		SolutionGuid = {79E264FC-B364-474F-AC45-E7E6BC495E1D}
	EndGlobalSection
EndGlobal
